
Microsoft Visual Studio Solution File, Format Version 12.00
# Visual Studio 15
Project("{FAE04EC0-301F-11D3-BF4B-00C04F79EFBC}") = "Assembly-CSharp", "Assembly-CSharp.csproj", "{C42587A4-77EC-86CF-A10B-9B5758CD131D}"
EndProject
Project("{FAE04EC0-301F-11D3-BF4B-00C04F79EFBC}") = "Assembly-CSharp-Editor", "Assembly-CSharp-Editor.csproj", "{367F9F21-911F-B9FE-E401-835B8BDAEDF5}"
EndProject
Global
	GlobalSection(SolutionConfigurationPlatforms) = preSolution
		Debug|Any CPU = Debug|Any CPU
		Release|Any CPU = Release|Any CPU
	EndGlobalSection
	GlobalSection(ProjectConfigurationPlatforms) = postSolution
		{C42587A4-77EC-86CF-A10B-9B5758CD131D}.Debug|Any CPU.ActiveCfg = Debug|Any CPU
		{C42587A4-77EC-86CF-A10B-9B5758CD131D}.Debug|Any CPU.Build.0 = Debug|Any CPU
		{C42587A4-77EC-86CF-A10B-9B5758CD131D}.Release|Any CPU.ActiveCfg = Release|Any CPU
		{C42587A4-77EC-86CF-A10B-9B5758CD131D}.Release|Any CPU.Build.0 = Release|Any CPU
		{367F9F21-911F-B9FE-E401-835B8BDAEDF5}.Debug|Any CPU.ActiveCfg = Debug|Any CPU
		{367F9F21-911F-B9FE-E401-835B8BDAEDF5}.Debug|Any CPU.Build.0 = Debug|Any CPU
		{367F9F21-911F-B9FE-E401-835B8BDAEDF5}.Release|Any CPU.ActiveCfg = Release|Any CPU
		{367F9F21-911F-B9FE-E401-835B8BDAEDF5}.Release|Any CPU.Build.0 = Release|Any CPU
	EndGlobalSection
	GlobalSection(SolutionProperties) = preSolution
		HideSolutionNode = FALSE
	EndGlobalSection
EndGlobal
